
Microsoft Visual Studio Solution File, Format Version 12.00
# Visual Studio Version 16
VisualStudioVersion = 16.0.30114.105
MinimumVisualStudioVersion = 10.0.40219.1
Project("{9A19103F-16F7-4668-BE54-9A1E7A4F7556}") = "Colegio", "Colegio\Colegio.csproj", "{AAABE8BC-DFE6-420D-8823-4B4179CACB4C}"
EndProject
Global
	GlobalSection(SolutionConfigurationPlatforms) = preSolution
		Debug|Any CPU = Debug|Any CPU
		Release|Any CPU = Release|Any CPU
	EndGlobalSection
	GlobalSection(ProjectConfigurationPlatforms) = postSolution
		{AAABE8BC-DFE6-420D-8823-4B4179CACB4C}.Debug|Any CPU.ActiveCfg = Debug|Any CPU
		{AAABE8BC-DFE6-420D-8823-4B4179CACB4C}.Debug|Any CPU.Build.0 = Debug|Any CPU
		{AAABE8BC-DFE6-420D-8823-4B4179CACB4C}.Release|Any CPU.ActiveCfg = Release|Any CPU
		{AAABE8BC-DFE6-420D-8823-4B4179CACB4C}.Release|Any CPU.Build.0 = Release|Any CPU
	EndGlobalSection
	GlobalSection(SolutionProperties) = preSolution
		HideSolutionNode = FALSE
	EndGlobalSection
	GlobalSection(ExtensibilityGlobals) = postSolution
		SolutionGuid = {52A978EF-283D-4B5F-AD09-BEC2E463FE5B}
	EndGlobalSection
EndGlobal
